
Microsoft Visual Studio Solution File, Format Version 12.00
# Visual Studio Version 16
VisualStudioVersion = 16.0.29123.88
MinimumVisualStudioVersion = 10.0.40219.1
Project("{FAE04EC0-301F-11D3-BF4B-00C04F79EFBC}") = "Smartlock", "Smartlock\Smartlock.csproj", "{F9D2347A-B283-4B5B-97BE-F7336F232551}"
EndProject
Project("{FAE04EC0-301F-11D3-BF4B-00C04F79EFBC}") = "IdentityAPI", "IdentityAPI\IdentityAPI.csproj", "{42F3600E-0336-4ED0-977F-C13EB575C5AA}"
	ProjectSection(ProjectDependencies) = postProject
		{658E1E33-042F-4F39-A8BE-FBFEB4397744} = {658E1E33-042F-4F39-A8BE-FBFEB4397744}
	EndProjectSection
EndProject
Project("{FAE04EC0-301F-11D3-BF4B-00C04F79EFBC}") = "InfraLibrary", "InfraLibrary\InfraLibrary.csproj", "{658E1E33-042F-4F39-A8BE-FBFEB4397744}"
EndProject
Global
	GlobalSection(SolutionConfigurationPlatforms) = preSolution
		Debug|Any CPU = Debug|Any CPU
		Release|Any CPU = Release|Any CPU
	EndGlobalSection
	GlobalSection(ProjectConfigurationPlatforms) = postSolution
		{F9D2347A-B283-4B5B-97BE-F7336F232551}.Debug|Any CPU.ActiveCfg = Debug|Any CPU
		{F9D2347A-B283-4B5B-97BE-F7336F232551}.Debug|Any CPU.Build.0 = Debug|Any CPU
		{F9D2347A-B283-4B5B-97BE-F7336F232551}.Release|Any CPU.ActiveCfg = Release|Any CPU
		{F9D2347A-B283-4B5B-97BE-F7336F232551}.Release|Any CPU.Build.0 = Release|Any CPU
		{42F3600E-0336-4ED0-977F-C13EB575C5AA}.Debug|Any CPU.ActiveCfg = Debug|Any CPU
		{42F3600E-0336-4ED0-977F-C13EB575C5AA}.Debug|Any CPU.Build.0 = Debug|Any CPU
		{42F3600E-0336-4ED0-977F-C13EB575C5AA}.Release|Any CPU.ActiveCfg = Release|Any CPU
		{42F3600E-0336-4ED0-977F-C13EB575C5AA}.Release|Any CPU.Build.0 = Release|Any CPU
		{658E1E33-042F-4F39-A8BE-FBFEB4397744}.Debug|Any CPU.ActiveCfg = Debug|Any CPU
		{658E1E33-042F-4F39-A8BE-FBFEB4397744}.Debug|Any CPU.Build.0 = Debug|Any CPU
		{658E1E33-042F-4F39-A8BE-FBFEB4397744}.Release|Any CPU.ActiveCfg = Release|Any CPU
		{658E1E33-042F-4F39-A8BE-FBFEB4397744}.Release|Any CPU.Build.0 = Release|Any CPU
	EndGlobalSection
	GlobalSection(SolutionProperties) = preSolution
		HideSolutionNode = FALSE
	EndGlobalSection
	GlobalSection(ExtensibilityGlobals) = postSolution
		SolutionGuid = {411BF533-8250-4D04-896D-69E3AD5092DE}
	EndGlobalSection
EndGlobal
